
Microsoft Visual Studio Solution File, Format Version 12.00
# Visual Studio Version 17
VisualStudioVersion = 17.9.34701.34
MinimumVisualStudioVersion = 10.0.40219.1
Project("{FAE04EC0-301F-11D3-BF4B-00C04F79EFBC}") = "Rapid_Api", "Rapid_Api\Rapid_Api.csproj", "{4667733D-19F8-4E8B-9D11-C2F8B4BAD315}"
EndProject
Global
	GlobalSection(SolutionConfigurationPlatforms) = preSolution
		Debug|Any CPU = Debug|Any CPU
		Release|Any CPU = Release|Any CPU
	EndGlobalSection
	GlobalSection(ProjectConfigurationPlatforms) = postSolution
		{4667733D-19F8-4E8B-9D11-C2F8B4BAD315}.Debug|Any CPU.ActiveCfg = Debug|Any CPU
		{4667733D-19F8-4E8B-9D11-C2F8B4BAD315}.Debug|Any CPU.Build.0 = Debug|Any CPU
		{4667733D-19F8-4E8B-9D11-C2F8B4BAD315}.Release|Any CPU.ActiveCfg = Release|Any CPU
		{4667733D-19F8-4E8B-9D11-C2F8B4BAD315}.Release|Any CPU.Build.0 = Release|Any CPU
	EndGlobalSection
	GlobalSection(SolutionProperties) = preSolution
		HideSolutionNode = FALSE
	EndGlobalSection
	GlobalSection(ExtensibilityGlobals) = postSolution
		SolutionGuid = {B27D80C4-56BB-4BB4-840F-BD5F98E79DB2}
	EndGlobalSection
EndGlobal
